// !$*UTF8*$!
{
	archiveVersion = 1;
	classes = {
	};
	objectVersion = 46;
	objects = {

/* Begin PBXBuildFile section */
		BD14D2921E39FE72000BFBDE /* AppDelegate.swift in Sources */ = {isa = PBXBuildFile; fileRef = BD14D2911E39FE72000BFBDE /* AppDelegate.swift */; };
		BD14D2941E39FE72000BFBDE /* ViewController.swift in Sources */ = {isa = PBXBuildFile; fileRef = BD14D2931E39FE72000BFBDE /* ViewController.swift */; };
		BD14D2991E39FE72000BFBDE /* Assets.xcassets in Resources */ = {isa = PBXBuildFile; fileRef = BD14D2981E39FE72000BFBDE /* Assets.xcassets */; };
		BD14D29C1E39FE72000BFBDE /* LaunchScreen.storyboard in Resources */ = {isa = PBXBuildFile; fileRef = BD14D29A1E39FE72000BFBDE /* LaunchScreen.storyboard */; };
		BD14D2A41E3A046B000BFBDE /* MediaPickerManager.swift in Sources */ = {isa = PBXBuildFile; fileRef = BD14D2A31E3A046B000BFBDE /* MediaPickerManager.swift */; };
/* End PBXBuildFile section */

/* Begin PBXFileReference section */
		BD14D28E1E39FE72000BFBDE /* FaceSnap.app */ = {isa = PBXFileReference; explicitFileType = wrapper.application; includeInIndex = 0; path = FaceSnap.app; sourceTree = BUILT_PRODUCTS_DIR; };
		BD14D2911E39FE72000BFBDE /* AppDelegate.swift */ = {isa = PBXFileReference; lastKnownFileType = sourcecode.swift; path = AppDelegate.swift; sourceTree = "<group>"; };
		BD14D2931E39FE72000BFBDE /* ViewController.swift */ = {isa = PBXFileReference; lastKnownFileType = sourcecode.swift; path = ViewController.swift; sourceTree = "<group>"; };
		BD14D2981E39FE72000BFBDE /* Assets.xcassets */ = {isa = PBXFileReference; lastKnownFileType = folder.assetcatalog; path = Assets.xcassets; sourceTree = "<group>"; };
		BD14D29B1E39FE72000BFBDE /* Base */ = {isa = PBXFileReference; lastKnownFileType = file.storyboard; name = Base; path = Base.lproj/LaunchScreen.storyboard; sourceTree = "<group>"; };
		BD14D29D1E39FE72000BFBDE /* Info.plist */ = {isa = PBXFileReference; lastKnownFileType = text.plist.xml; path = Info.plist; sourceTree = "<group>"; };
		BD14D2A31E3A046B000BFBDE /* MediaPickerManager.swift */ = {isa = PBXFileReference; fileEncoding = 4; lastKnownFileType = sourcecode.swift; path = MediaPickerManager.swift; sourceTree = "<group>"; };
/* End PBXFileReference section */

/* Begin PBXFrameworksBuildPhase section */
		BD14D28B1E39FE72000BFBDE /* Frameworks */ = {
			isa = PBXFrameworksBuildPhase;
			buildActionMask = 2147483647;
			files = (
			);
			runOnlyForDeploymentPostprocessing = 0;
		};
/* End PBXFrameworksBuildPhase section */

/* Begin PBXGroup section */
		BD14D2851E39FE72000BFBDE = {
			isa = PBXGroup;
			children = (
				BD14D2901E39FE72000BFBDE /* FaceSnap */,
				BD14D28F1E39FE72000BFBDE /* Products */,
			);
			sourceTree = "<group>";
		};
		BD14D28F1E39FE72000BFBDE /* Products */ = {
			isa = PBXGroup;
			children = (
				BD14D28E1E39FE72000BFBDE /* FaceSnap.app */,
			);
			name = Products;
			sourceTree = "<group>";
		};
		BD14D2901E39FE72000BFBDE /* FaceSnap */ = {
			isa = PBXGroup;
			children = (
				BD14D2911E39FE72000BFBDE /* AppDelegate.swift */,
				BD14D2931E39FE72000BFBDE /* ViewController.swift */,
				BD14D2A31E3A046B000BFBDE /* MediaPickerManager.swift */,
				BD14D2981E39FE72000BFBDE /* Assets.xcassets */,
				BD14D29A1E39FE72000BFBDE /* LaunchScreen.storyboard */,
				BD14D29D1E39FE72000BFBDE /* Info.plist */,
			);
			path = FaceSnap;
			sourceTree = "<group>";
		};
/* End PBXGroup section */

/* Begin PBXNativeTarget section */
		BD14D28D1E39FE72000BFBDE /* FaceSnap */ = {
			isa = PBXNativeTarget;
			buildConfigurationList = BD14D2A01E39FE72000BFBDE /* Build configuration list for PBXNativeTarget "FaceSnap" */;
			buildPhases = (
				BD14D28A1E39FE72000BFBDE /* Sources */,
				BD14D28B1E39FE72000BFBDE /* Frameworks */,
				BD14D28C1E39FE72000BFBDE /* Resources */,
			);
			buildRules = (
			);
			dependencies = (
			);
			name = FaceSnap;
			productName = FaceSnap;
			productReference = BD14D28E1E39FE72000BFBDE /* FaceSnap.app */;
			productType = "com.apple.product-type.application";
		};
/* End PBXNativeTarget section */

/* Begin PBXProject section */
		BD14D2861E39FE72000BFBDE /* Project object */ = {
			isa = PBXProject;
			attributes = {
				LastSwiftUpdateCheck = 0820;
				LastUpgradeCheck = 0820;
				ORGANIZATIONNAME = "Changzhou Panda";
				TargetAttributes = {
					BD14D28D1E39FE72000BFBDE = {
						CreatedOnToolsVersion = 8.2.1;
						ProvisioningStyle = Automatic;
					};
				};
			};
			buildConfigurationList = BD14D2891E39FE72000BFBDE /* Build configuration list for PBXProject "FaceSnap" */;
			compatibilityVersion = "Xcode 3.2";
			developmentRegion = English;
			hasScannedForEncodings = 0;
			knownRegions = (
				en,
				Base,
			);
			mainGroup = BD14D2851E39FE72000BFBDE;
			productRefGroup = BD14D28F1E39FE72000BFBDE /* Products */;
			projectDirPath = "";
			projectRoot = "";
			targets = (
				BD14D28D1E39FE72000BFBDE /* FaceSnap */,
			);
		};
/* End PBXProject section */

/* Begin PBXResourcesBuildPhase section */
		BD14D28C1E39FE72000BFBDE /* Resources */ = {
			isa = PBXResourcesBuildPhase;
			buildActionMask = 2147483647;
			files = (
				BD14D29C1E39FE72000BFBDE /* LaunchScreen.storyboard in Resources */,
				BD14D2991E39FE72000BFBDE /* Assets.xcassets in Resources */,
			);
			runOnlyForDeploymentPostprocessing = 0;
		};
/* End PBXResourcesBuildPhase section */

/* Begin PBXSourcesBuildPhase section */
		BD14D28A1E39FE72000BFBDE /* Sources */ = {
			isa = PBXSourcesBuildPhase;
			buildActionMask = 2147483647;
			files = (
				BD14D2941E39FE72000BFBDE /* ViewController.swift in Sources */,
				BD14D2A41E3A046B000BFBDE /* MediaPickerManager.swift in Sources */,
				BD14D2921E39FE72000BFBDE /* AppDelegate.swift in Sources */,
			);
			runOnlyForDeploymentPostprocessing = 0;
		};
/* End PBXSourcesBuildPhase section */

/* Begin PBXVariantGroup section */
		BD14D29A1E39FE72000BFBDE /* LaunchScreen.storyboard */ = {
			isa = PBXVariantGroup;
			children = (
				BD14D29B1E39FE72000BFBDE /* Base */,
			);
			name = LaunchScreen.storyboard;
			sourceTree = "<group>";
		};
/* End PBXVariantGroup section */

/* Begin XCBuildConfiguration section */
		BD14D29E1E39FE72000BFBDE /* Debug */ = {
			isa = XCBuildConfiguration;
			buildSettings = {
				ALWAYS_SEARCH_USER_PATHS = NO;
				CLANG_ANALYZER_NONNULL = YES;
				CLANG_CXX_LANGUAGE_STANDARD = "gnu++0x";
				CLANG_CXX_LIBRARY = "libc++";
				CLANG_ENABLE_MODULES = YES;
				CLANG_ENABLE_OBJC_ARC = YES;
				CLANG_WARN_BOOL_CONVERSION = YES;
				CLANG_WARN_CONSTANT_CONVERSION = YES;
				CLANG_WARN_DIRECT_OBJC_ISA_USAGE = YES_ERROR;
				CLANG_WARN_DOCUMENTATION_COMMENTS = YES;
				CLANG_WARN_EMPTY_BODY = YES;
				CLANG_WARN_ENUM_CONVERSION = YES;
				CLANG_WARN_INFINITE_RECURSION = YES;
				CLANG_WARN_INT_CONVERSION = YES;
				CLANG_WARN_OBJC_ROOT_CLASS = YES_ERROR;
				CLANG_WARN_SUSPICIOUS_MOVE = YES;
				CLANG_WARN_UNREACHABLE_CODE = YES;
				CLANG_WARN__DUPLICATE_METHOD_MATCH = YES;
				"CODE_SIGN_IDENTITY[sdk=iphoneos*]" = "iPhone Developer";
				COPY_PHASE_STRIP = NO;
				DEBUG_INFORMATION_FORMAT = dwarf;
				ENABLE_STRICT_OBJC_MSGSEND = YES;
				ENABLE_TESTABILITY = YES;
				GCC_C_LANGUAGE_STANDARD = gnu99;
				GCC_DYNAMIC_NO_PIC = NO;
				GCC_NO_COMMON_BLOCKS = YES;
				GCC_OPTIMIZATION_LEVEL = 0;
				GCC_PREPROCESSOR_DEFINITIONS = (
					"DEBUG=1",
					"$(inherited)",
				);
				GCC_WARN_64_TO_32_BIT_CONVERSION = YES;
				GCC_WARN_ABOUT_RETURN_TYPE = YES_ERROR;
				GCC_WARN_UNDECLARED_SELECTOR = YES;
				GCC_WARN_UNINITIALIZED_AUTOS = YES_AGGRESSIVE;
				GCC_WARN_UNUSED_FUNCTION = YES;
				GCC_WARN_UNUSED_VARIABLE = YES;
				IPHONEOS_DEPLOYMENT_TARGET = 10.2;
				MTL_ENABLE_DEBUG_INFO = YES;
				ONLY_ACTIVE_ARCH = YES;
				SDKROOT = iphoneos;
				SWIFT_ACTIVE_COMPILATION_CONDITIONS = DEBUG;
				SWIFT_OPTIMIZATION_LEVEL = "-Onone";
				TARGETED_DEVICE_FAMILY = "1,2";
			};
			name = Debug;
		};
		BD14D29F1E39FE72000BFBDE /* Release */ = {
			isa = XCBuildConfiguration;
			buildSettings = {
				ALWAYS_SEARCH_USER_PATHS = NO;
				CLANG_ANALYZER_NONNULL = YES;
				CLANG_CXX_LANGUAGE_STANDARD = "gnu++0x";
				CLANG_CXX_LIBRARY = "libc++";
				CLANG_ENABLE_MODULES = YES;
				CLANG_ENABLE_OBJC_ARC = YES;
				CLANG_WARN_BOOL_CONVERSION = YES;
				CLANG_WARN_CONSTANT_CONVERSION = YES;
				CLANG_WARN_DIRECT_OBJC_ISA_USAGE = YES_ERROR;
				CLANG_WARN_DOCUMENTATION_COMMENTS = YES;
				CLANG_WARN_EMPTY_BODY = YES;
				CLANG_WARN_ENUM_CONVERSION = YES;
				CLANG_WARN_INFINITE_RECURSION = YES;
				CLANG_WARN_INT_CONVERSION = YES;
				CLANG_WARN_OBJC_ROOT_CLASS = YES_ERROR;
				CLANG_WARN_SUSPICIOUS_MOVE = YES;
				CLANG_WARN_UNREACHABLE_CODE = YES;
				CLANG_WARN__DUPLICATE_METHOD_MATCH = YES;
				"CODE_SIGN_IDENTITY[sdk=iphoneos*]" = "iPhone Developer";
				COPY_PHASE_STRIP = NO;
				DEBUG_INFORMATION_FORMAT = "dwarf-with-dsym";
				ENABLE_NS_ASSERTIONS = NO;
				ENABLE_STRICT_OBJC_MSGSEND = YES;
				GCC_C_LANGUAGE_STANDARD = gnu99;
				GCC_NO_COMMON_BLOCKS = YES;
				GCC_WARN_64_TO_32_BIT_CONVERSION = YES;
				GCC_WARN_ABOUT_RETURN_TYPE = YES_ERROR;
				GCC_WARN_UNDECLARED_SELECTOR = YES;
				GCC_WARN_UNINITIALIZED_AUTOS = YES_AGGRESSIVE;
				GCC_WARN_UNUSED_FUNCTION = YES;
				GCC_WARN_UNUSED_VARIABLE = YES;
				IPHONEOS_DEPLOYMENT_TARGET = 10.2;
				MTL_ENABLE_DEBUG_INFO = NO;
				SDKROOT = iphoneos;
				SWIFT_OPTIMIZATION_LEVEL = "-Owholemodule";
				TARGETED_DEVICE_FAMILY = "1,2";
				VALIDATE_PRODUCT = YES;
			};
			name = Release;
		};
		BD14D2A11E39FE72000BFBDE /* Debug */ = {
			isa = XCBuildConfiguration;
			buildSettings = {
				ASSETCATALOG_COMPILER_APPICON_NAME = AppIcon;
				INFOPLIST_FILE = FaceSnap/Info.plist;
				LD_RUNPATH_SEARCH_PATHS = "$(inherited) @executable_path/Frameworks";
				PRODUCT_BUNDLE_IDENTIFIER = com.changzhoupanda.FaceSnap;
				PRODUCT_NAME = "$(TARGET_NAME)";
				SWIFT_VERSION = 3.0;
			};
			name = Debug;
		};
		BD14D2A21E39FE72000BFBDE /* Release */ = {
			isa = XCBuildConfiguration;
			buildSettings = {
				ASSETCATALOG_COMPILER_APPICON_NAME = AppIcon;
				INFOPLIST_FILE = FaceSnap/Info.plist;
				LD_RUNPATH_SEARCH_PATHS = "$(inherited) @executable_path/Frameworks";
				PRODUCT_BUNDLE_IDENTIFIER = com.changzhoupanda.FaceSnap;
				PRODUCT_NAME = "$(TARGET_NAME)";
				SWIFT_VERSION = 3.0;
			};
			name = Release;
		};
/* End XCBuildConfiguration section */

/* Begin XCConfigurationList section */
		BD14D2891E39FE72000BFBDE /* Build configuration list for PBXProject "FaceSnap" */ = {
			isa = XCConfigurationList;
			buildConfigurations = (
				BD14D29E1E39FE72000BFBDE /* Debug */,
				BD14D29F1E39FE72000BFBDE /* Release */,
			);
			defaultConfigurationIsVisible = 0;
			defaultConfigurationName = Release;
		};
		BD14D2A01E39FE72000BFBDE /* Build configuration list for PBXNativeTarget "FaceSnap" */ = {
			isa = XCConfigurationList;
			buildConfigurations = (
				BD14D2A11E39FE72000BFBDE /* Debug */,
				BD14D2A21E39FE72000BFBDE /* Release */,
			);
			defaultConfigurationIsVisible = 0;
		};
/* End XCConfigurationList section */
	};
	rootObject = BD14D2861E39FE72000BFBDE /* Project object */;
}
